
Microsoft Visual Studio Solution File, Format Version 12.00
# Visual Studio Version 17
VisualStudioVersion = 17.4.33213.308
MinimumVisualStudioVersion = 10.0.40219.1
Project("{FAE04EC0-301F-11D3-BF4B-00C04F79EFBC}") = "Lab3_Emelin", "Lab3_Emelin\Lab3_Emelin.csproj", "{FC4C143F-0152-4962-BB80-78404249A6A2}"
EndProject
Global
	GlobalSection(SolutionConfigurationPlatforms) = preSolution
		Debug|Any CPU = Debug|Any CPU
		Release|Any CPU = Release|Any CPU
	EndGlobalSection
	GlobalSection(ProjectConfigurationPlatforms) = postSolution
		{FC4C143F-0152-4962-BB80-78404249A6A2}.Debug|Any CPU.ActiveCfg = Debug|Any CPU
		{FC4C143F-0152-4962-BB80-78404249A6A2}.Debug|Any CPU.Build.0 = Debug|Any CPU
		{FC4C143F-0152-4962-BB80-78404249A6A2}.Release|Any CPU.ActiveCfg = Release|Any CPU
		{FC4C143F-0152-4962-BB80-78404249A6A2}.Release|Any CPU.Build.0 = Release|Any CPU
	EndGlobalSection
	GlobalSection(SolutionProperties) = preSolution
		HideSolutionNode = FALSE
	EndGlobalSection
	GlobalSection(ExtensibilityGlobals) = postSolution
		SolutionGuid = {A40DE721-965C-4FA7-BEB2-DA61F2813191}
	EndGlobalSection
EndGlobal
